
Microsoft Visual Studio Solution File, Format Version 12.00
# Visual Studio Version 16
VisualStudioVersion = 16.0.31005.135
MinimumVisualStudioVersion = 10.0.40219.1
Project("{9A19103F-16F7-4668-BE54-9A1E7A4F7556}") = "API", "API.csproj", "{DD7E2691-C0FD-4BE0-AF72-738AC7CF4AB3}"
EndProject
Global
	GlobalSection(SolutionConfigurationPlatforms) = preSolution
		Debug|Any CPU = Debug|Any CPU
		Release|Any CPU = Release|Any CPU
	EndGlobalSection
	GlobalSection(ProjectConfigurationPlatforms) = postSolution
		{DD7E2691-C0FD-4BE0-AF72-738AC7CF4AB3}.Debug|Any CPU.ActiveCfg = Debug|Any CPU
		{DD7E2691-C0FD-4BE0-AF72-738AC7CF4AB3}.Debug|Any CPU.Build.0 = Debug|Any CPU
		{DD7E2691-C0FD-4BE0-AF72-738AC7CF4AB3}.Release|Any CPU.ActiveCfg = Release|Any CPU
		{DD7E2691-C0FD-4BE0-AF72-738AC7CF4AB3}.Release|Any CPU.Build.0 = Release|Any CPU
	EndGlobalSection
	GlobalSection(SolutionProperties) = preSolution
		HideSolutionNode = FALSE
	EndGlobalSection
	GlobalSection(ExtensibilityGlobals) = postSolution
		SolutionGuid = {D5BCE005-173D-4B5D-92BC-76FF4DCADBE5}
	EndGlobalSection
EndGlobal
